
Microsoft Visual Studio Solution File, Format Version 12.00
# Visual Studio Version 17
VisualStudioVersion = 17.2.32602.215
MinimumVisualStudioVersion = 10.0.40219.1
Project("{FAE04EC0-301F-11D3-BF4B-00C04F79EFBC}") = "TelegramBotTemplate", "TelegramBotTemplate\TelegramBotTemplate.csproj", "{12CB65E7-B156-4EC8-80EC-E6F6012CB19B}"
EndProject
Global
	GlobalSection(SolutionConfigurationPlatforms) = preSolution
		Debug|Any CPU = Debug|Any CPU
		Release|Any CPU = Release|Any CPU
	EndGlobalSection
	GlobalSection(ProjectConfigurationPlatforms) = postSolution
		{12CB65E7-B156-4EC8-80EC-E6F6012CB19B}.Debug|Any CPU.ActiveCfg = Debug|Any CPU
		{12CB65E7-B156-4EC8-80EC-E6F6012CB19B}.Debug|Any CPU.Build.0 = Debug|Any CPU
		{12CB65E7-B156-4EC8-80EC-E6F6012CB19B}.Release|Any CPU.ActiveCfg = Release|Any CPU
		{12CB65E7-B156-4EC8-80EC-E6F6012CB19B}.Release|Any CPU.Build.0 = Release|Any CPU
	EndGlobalSection
	GlobalSection(SolutionProperties) = preSolution
		HideSolutionNode = FALSE
	EndGlobalSection
	GlobalSection(ExtensibilityGlobals) = postSolution
		SolutionGuid = {5B876B49-B874-47F8-A5A3-9E317961ACF5}
	EndGlobalSection
EndGlobal
